
Microsoft Visual Studio Solution File, Format Version 12.00
# Visual Studio 2013
VisualStudioVersion = 12.0.21005.1
MinimumVisualStudioVersion = 10.0.40219.1
Project("{8BC9CEB8-8B4A-11D0-8D11-00A0C91BC942}") = "SingletonCpp2_2", "SingletonCpp2_2\SingletonCpp2_2.vcxproj", "{F0C2905B-93A9-4ED9-8BFE-2A6F0C63FC0B}"
EndProject
Global
	GlobalSection(SolutionConfigurationPlatforms) = preSolution
		Debug|Win32 = Debug|Win32
		Release|Win32 = Release|Win32
	EndGlobalSection
	GlobalSection(ProjectConfigurationPlatforms) = postSolution
		{F0C2905B-93A9-4ED9-8BFE-2A6F0C63FC0B}.Debug|Win32.ActiveCfg = Debug|Win32
		{F0C2905B-93A9-4ED9-8BFE-2A6F0C63FC0B}.Debug|Win32.Build.0 = Debug|Win32
		{F0C2905B-93A9-4ED9-8BFE-2A6F0C63FC0B}.Release|Win32.ActiveCfg = Release|Win32
		{F0C2905B-93A9-4ED9-8BFE-2A6F0C63FC0B}.Release|Win32.Build.0 = Release|Win32
	EndGlobalSection
	GlobalSection(SolutionProperties) = preSolution
		HideSolutionNode = FALSE
	EndGlobalSection
EndGlobal
